{
  "name": "mylog",
  "version": "1.0.0",
  "lockfileVersion": 1,
  "requires": true,
  "dependencies": {
    "@types/node": {
      "version": "8.5.5",
      "resolved": "https://registry.npmjs.org/@types/node/-/node-8.5.5.tgz",
      "integrity": "sha512-JRnfoh0Ll4ElmIXKxbUfcOodkGvcNHljct6mO1X9hE/mlrMzAx0hYCLAD7sgT53YAY1HdlpzUcV0CkmDqUqTuA==",
      "dev": true
    },
    "app-root-path": {
      "version": "2.1.0",
      "resolved": "https://registry.npmjs.org/app-root-path/-/app-root-path-2.1.0.tgz",
      "integrity": "sha1-mL9lmTJ+zqGZMJhm6BQDaP0uZGo=",
      "dev": true
    },
    "nodemailer": {
      "version": "4.6.8",
      "resolved": "https://registry.npmjs.org/nodemailer/-/nodemailer-4.6.8.tgz",
      "integrity": "sha512-A3s7EM/426OBIZbLHXq2KkgvmKbn2Xga4m4G+ZUA4IaZvG8PcZXrFh+2E4VaS2o+emhuUVRnzKN2YmpkXQ9qwA==",
      "dev": true
    },
    "typescript": {
      "version": "2.9.2",
      "resolved": "https://registry.npmjs.org/typescript/-/typescript-2.9.2.tgz",
      "integrity": "sha512-Gr4p6nFNaoufRIY4NMdpQRNmgxVIGMs4Fcu/ujdYk3nAZqk7supzBE9idmvfZIlH/Cuj//dvi+019qEue9lV0w==",
      "dev": true
    }
  }
}
